
Microsoft Visual Studio Solution File, Format Version 12.00
# Visual Studio 14
VisualStudioVersion = 14.0.23107.0
MinimumVisualStudioVersion = 10.0.40219.1
Project("{888888A0-9F3D-457C-B088-3A5042F75D52}") = "Functions", "Functions\Functions.pyproj", "{CB298450-FD1C-47BC-B81D-B9DDFEB504A7}"
EndProject
Project("{888888A0-9F3D-457C-B088-3A5042F75D52}") = "CreateFile", "FunctionToWriteFiles\CreateFile.pyproj", "{2842BDFB-3A6D-4002-B973-80E9D3EEC26A}"
EndProject
Project("{888888A0-9F3D-457C-B088-3A5042F75D52}") = "DateFormater", "DateFormater\DateFormater.pyproj", "{47A1247C-17FB-4D26-83C5-64C482458A90}"
EndProject
Global
	GlobalSection(SolutionConfigurationPlatforms) = preSolution
		Debug|Any CPU = Debug|Any CPU
		Release|Any CPU = Release|Any CPU
	EndGlobalSection
	GlobalSection(ProjectConfigurationPlatforms) = postSolution
		{CB298450-FD1C-47BC-B81D-B9DDFEB504A7}.Debug|Any CPU.ActiveCfg = Debug|Any CPU
		{CB298450-FD1C-47BC-B81D-B9DDFEB504A7}.Release|Any CPU.ActiveCfg = Release|Any CPU
		{2842BDFB-3A6D-4002-B973-80E9D3EEC26A}.Debug|Any CPU.ActiveCfg = Debug|Any CPU
		{2842BDFB-3A6D-4002-B973-80E9D3EEC26A}.Release|Any CPU.ActiveCfg = Release|Any CPU
		{47A1247C-17FB-4D26-83C5-64C482458A90}.Debug|Any CPU.ActiveCfg = Debug|Any CPU
		{47A1247C-17FB-4D26-83C5-64C482458A90}.Release|Any CPU.ActiveCfg = Release|Any CPU
	EndGlobalSection
	GlobalSection(SolutionProperties) = preSolution
		HideSolutionNode = FALSE
	EndGlobalSection
EndGlobal
